dependencies:
- name: redis
  repository: https://charts.bitnami.com/bitnami
  version: 17.0.11
- name: postgresql
  repository: https://charts.bitnami.com/bitnami
  version: 11.7.2
- name: elasticsearch
  repository: https://helm.elastic.co
  version: 7.15.0
digest: sha256:a5ad1b9b7fd619ff23e734e382c5e5b58f1ed26d14577b5151e51cc8d0083b56
generated: "2022-08-18T01:00:34.873464144+03:00"
