dependencies:
- name: redis
  repository: https://charts.bitnami.com/bitnami
  version: 15.5.0
- name: postgresql
  repository: https://charts.bitnami.com/bitnami
  version: 10.12.6
- name: elasticsearch
  repository: https://charts.bitnami.com/bitnami
  version: 17.1.1
digest: sha256:2ccaf59f954ce003fbd459caec025faffd22c6f9507fbd068c09bb621f6700d7
generated: "2021-10-22T16:33:51.080868562+03:00"
