dependencies:
- name: redis
  repository: https://charts.bitnami.com/bitnami
  version: 15.5.5
- name: postgresql
  repository: https://charts.bitnami.com/bitnami
  version: 10.12.9
- name: elasticsearch
  repository: https://helm.elastic.co
  version: 7.15.0
digest: sha256:452c7653130d2b718b5351b750ed934fa1dbfccc8357e7422faf3df5f08fd371
generated: "2021-11-26T15:26:45.879272908+02:00"
